// !$*UTF8*$!
{
	archiveVersion = 1;
	classes = {
	};
	objectVersion = 46;
	objects = {

/* Begin PBXBuildFile section */
		F4247900146EC47C00EC4B05 /* Cocoa.framework in Frameworks */ = {isa = PBXBuildFile; fileRef = F42478FF146EC47C00EC4B05 /* Cocoa.framework */; };
		F424790C146EC47C00EC4B05 /* main.m in Sources */ = {isa = PBXBuildFile; fileRef = F424790B146EC47C00EC4B05 /* main.m */; };
		F4247913146EC47C00EC4B05 /* COWAppDelegate.m in Sources */ = {isa = PBXBuildFile; fileRef = F4247912146EC47C00EC4B05 /* COWAppDelegate.m */; };
		F4517A76147009C400B48AF5 /* Localizable.strings in Resources */ = {isa = PBXBuildFile; fileRef = F4517A75147009C400B48AF5 /* Localizable.strings */; };
		F4517A8E147042CE00B48AF5 /* COWStatusMenu.m in Sources */ = {isa = PBXBuildFile; fileRef = F4517A8D147042CE00B48AF5 /* COWStatusMenu.m */; };
		F4517A921471319B00B48AF5 /* COWImage.m in Sources */ = {isa = PBXBuildFile; fileRef = F4517A911471319B00B48AF5 /* COWImage.m */; };
		F4B8DD5A1475D5BD00A3BC17 /* COWImageSizeMenuItem.m in Sources */ = {isa = PBXBuildFile; fileRef = F4B8DD591475D5BD00A3BC17 /* COWImageSizeMenuItem.m */; };
		F4B8DD5F1477B68E00A3BC17 /* COWImageConversionParameters.m in Sources */ = {isa = PBXBuildFile; fileRef = F4B8DD5E1477B68E00A3BC17 /* COWImageConversionParameters.m */; };
		F4D77E631474096F00CEC597 /* COWImageManager.m in Sources */ = {isa = PBXBuildFile; fileRef = F4D77E621474096F00CEC597 /* COWImageManager.m */; };
		F4D77E7014746AA500CEC597 /* COWImageHistoryMenuItem.m in Sources */ = {isa = PBXBuildFile; fileRef = F4D77E6F14746AA400CEC597 /* COWImageHistoryMenuItem.m */; };
		F4DDC87A146EC772001D40A2 /* Credits.rtf in Resources */ = {isa = PBXBuildFile; fileRef = F4DDC877146EC772001D40A2 /* Credits.rtf */; };
		F4DDC87B146EC772001D40A2 /* InfoPlist.strings in Resources */ = {isa = PBXBuildFile; fileRef = F4DDC878146EC772001D40A2 /* InfoPlist.strings */; };
		F4DDC883146EC900001D40A2 /* NSImage+COWExtensions.m in Sources */ = {isa = PBXBuildFile; fileRef = F4DDC882146EC900001D40A2 /* NSImage+COWExtensions.m */; };
		F4DDC886146EC999001D40A2 /* COWStatusItemView.m in Sources */ = {isa = PBXBuildFile; fileRef = F4DDC885146EC999001D40A2 /* COWStatusItemView.m */; };
		F4DDC88A146ECE14001D40A2 /* menu_ico.png in Resources */ = {isa = PBXBuildFile; fileRef = F4DDC888146ECE14001D40A2 /* menu_ico.png */; };
		F4DDC88B146ECE14001D40A2 /* menu_ico_highlight.png in Resources */ = {isa = PBXBuildFile; fileRef = F4DDC889146ECE14001D40A2 /* menu_ico_highlight.png */; };
		F4DDC88E146ECE33001D40A2 /* Preferences.xib in Resources */ = {isa = PBXBuildFile; fileRef = F4DDC88D146ECE33001D40A2 /* Preferences.xib */; };
		F4DDC890146EE38C001D40A2 /* Automator.framework in Frameworks */ = {isa = PBXBuildFile; fileRef = F4DDC88F146EE38C001D40A2 /* Automator.framework */; };
/* End PBXBuildFile section */

/* Begin PBXFileReference section */
		F42478FB146EC47C00EC4B05 /* Cow.app */ = {isa = PBXFileReference; explicitFileType = wrapper.application; includeInIndex = 0; path = Cow.app; sourceTree = BUILT_PRODUCTS_DIR; };
		F42478FF146EC47C00EC4B05 /* Cocoa.framework */ = {isa = PBXFileReference; lastKnownFileType = wrapper.framework; name = Cocoa.framework; path = System/Library/Frameworks/Cocoa.framework; sourceTree = SDKROOT; };
		F4247902146EC47C00EC4B05 /* AppKit.framework */ = {isa = PBXFileReference; lastKnownFileType = wrapper.framework; name = AppKit.framework; path = System/Library/Frameworks/AppKit.framework; sourceTree = SDKROOT; };
		F4247903146EC47C00EC4B05 /* CoreData.framework */ = {isa = PBXFileReference; lastKnownFileType = wrapper.framework; name = CoreData.framework; path = System/Library/Frameworks/CoreData.framework; sourceTree = SDKROOT; };
		F4247904146EC47C00EC4B05 /* Foundation.framework */ = {isa = PBXFileReference; lastKnownFileType = wrapper.framework; name = Foundation.framework; path = System/Library/Frameworks/Foundation.framework; sourceTree = SDKROOT; };
		F424790B146EC47C00EC4B05 /* main.m */ = {isa = PBXFileReference; lastKnownFileType = sourcecode.c.objc; path = main.m; sourceTree = "<group>"; };
		F424790D146EC47C00EC4B05 /* Cow-Prefix.pch */ = {isa = PBXFileReference; lastKnownFileType = sourcecode.c.h; path = "Cow-Prefix.pch"; sourceTree = "<group>"; };
		F4247911146EC47C00EC4B05 /* COWAppDelegate.h */ = {isa = PBXFileReference; lastKnownFileType = sourcecode.c.h; name = COWAppDelegate.h; path = Classes/COWAppDelegate.h; sourceTree = "<group>"; };
		F4247912146EC47C00EC4B05 /* COWAppDelegate.m */ = {isa = PBXFileReference; lastKnownFileType = sourcecode.c.objc; name = COWAppDelegate.m; path = Classes/COWAppDelegate.m; sourceTree = "<group>"; };
		F4517A75147009C400B48AF5 /* Localizable.strings */ = {isa = PBXFileReference; fileEncoding = 4; lastKnownFileType = text.plist.strings; name = Localizable.strings; path = Resources/Localizable.strings; sourceTree = "<group>"; };
		F4517A8A1470395900B48AF5 /* COWConstants.h */ = {isa = PBXFileReference; fileEncoding = 4; lastKnownFileType = sourcecode.c.h; path = COWConstants.h; sourceTree = "<group>"; };
		F4517A8C147042CE00B48AF5 /* COWStatusMenu.h */ = {isa = PBXFileReference; fileEncoding = 4; lastKnownFileType = sourcecode.c.h; name = COWStatusMenu.h; path = Classes/COWStatusMenu.h; sourceTree = "<group>"; };
		F4517A8D147042CE00B48AF5 /* COWStatusMenu.m */ = {isa = PBXFileReference; fileEncoding = 4; lastKnownFileType = sourcecode.c.objc; name = COWStatusMenu.m; path = Classes/COWStatusMenu.m; sourceTree = "<group>"; };
		F4517A901471319B00B48AF5 /* COWImage.h */ = {isa = PBXFileReference; fileEncoding = 4; lastKnownFileType = sourcecode.c.h; name = COWImage.h; path = Classes/COWImage.h; sourceTree = "<group>"; };
		F4517A911471319B00B48AF5 /* COWImage.m */ = {isa = PBXFileReference; fileEncoding = 4; lastKnownFileType = sourcecode.c.objc; name = COWImage.m; path = Classes/COWImage.m; sourceTree = "<group>"; };
		F4B8DD581475D5BD00A3BC17 /* COWImageSizeMenuItem.h */ = {isa = PBXFileReference; fileEncoding = 4; lastKnownFileType = sourcecode.c.h; name = COWImageSizeMenuItem.h; path = Classes/COWImageSizeMenuItem.h; sourceTree = "<group>"; };
		F4B8DD591475D5BD00A3BC17 /* COWImageSizeMenuItem.m */ = {isa = PBXFileReference; fileEncoding = 4; lastKnownFileType = sourcecode.c.objc; name = COWImageSizeMenuItem.m; path = Classes/COWImageSizeMenuItem.m; sourceTree = "<group>"; };
		F4B8DD5D1477B68E00A3BC17 /* COWImageConversionParameters.h */ = {isa = PBXFileReference; fileEncoding = 4; lastKnownFileType = sourcecode.c.h; name = COWImageConversionParameters.h; path = Classes/COWImageConversionParameters.h; sourceTree = "<group>"; };
		F4B8DD5E1477B68E00A3BC17 /* COWImageConversionParameters.m */ = {isa = PBXFileReference; fileEncoding = 4; lastKnownFileType = sourcecode.c.objc; name = COWImageConversionParameters.m; path = Classes/COWImageConversionParameters.m; sourceTree = "<group>"; };
		F4D77E611474096F00CEC597 /* COWImageManager.h */ = {isa = PBXFileReference; fileEncoding = 4; lastKnownFileType = sourcecode.c.h; name = COWImageManager.h; path = Classes/COWImageManager.h; sourceTree = "<group>"; };
		F4D77E621474096F00CEC597 /* COWImageManager.m */ = {isa = PBXFileReference; fileEncoding = 4; lastKnownFileType = sourcecode.c.objc; name = COWImageManager.m; path = Classes/COWImageManager.m; sourceTree = "<group>"; };
		F4D77E6E14746AA400CEC597 /* COWImageHistoryMenuItem.h */ = {isa = PBXFileReference; fileEncoding = 4; lastKnownFileType = sourcecode.c.h; name = COWImageHistoryMenuItem.h; path = Classes/COWImageHistoryMenuItem.h; sourceTree = "<group>"; };
		F4D77E6F14746AA400CEC597 /* COWImageHistoryMenuItem.m */ = {isa = PBXFileReference; fileEncoding = 4; lastKnownFileType = sourcecode.c.objc; name = COWImageHistoryMenuItem.m; path = Classes/COWImageHistoryMenuItem.m; sourceTree = "<group>"; };
		F4DDC876146EC772001D40A2 /* Cow-Info.plist */ = {isa = PBXFileReference; fileEncoding = 4; lastKnownFileType = text.plist.xml; name = "Cow-Info.plist"; path = "Resources/Cow-Info.plist"; sourceTree = "<group>"; };
		F4DDC877146EC772001D40A2 /* Credits.rtf */ = {isa = PBXFileReference; fileEncoding = 4; lastKnownFileType = text.rtf; name = Credits.rtf; path = Resources/Credits.rtf; sourceTree = "<group>"; };
		F4DDC878146EC772001D40A2 /* InfoPlist.strings */ = {isa = PBXFileReference; fileEncoding = 4; lastKnownFileType = text.plist.strings; name = InfoPlist.strings; path = Resources/InfoPlist.strings; sourceTree = "<group>"; };
		F4DDC881146EC900001D40A2 /* NSImage+COWExtensions.h */ = {isa = PBXFileReference; fileEncoding = 4; lastKnownFileType = sourcecode.c.h; name = "NSImage+COWExtensions.h"; path = "Classes/NSImage+COWExtensions.h"; sourceTree = "<group>"; };
		F4DDC882146EC900001D40A2 /* NSImage+COWExtensions.m */ = {isa = PBXFileReference; fileEncoding = 4; lastKnownFileType = sourcecode.c.objc; name = "NSImage+COWExtensions.m"; path = "Classes/NSImage+COWExtensions.m"; sourceTree = "<group>"; };
		F4DDC884146EC999001D40A2 /* COWStatusItemView.h */ = {isa = PBXFileReference; fileEncoding = 4; lastKnownFileType = sourcecode.c.h; name = COWStatusItemView.h; path = Classes/COWStatusItemView.h; sourceTree = "<group>"; };
		F4DDC885146EC999001D40A2 /* COWStatusItemView.m */ = {isa = PBXFileReference; fileEncoding = 4; lastKnownFileType = sourcecode.c.objc; name = COWStatusItemView.m; path = Classes/COWStatusItemView.m; sourceTree = "<group>"; };
		F4DDC888146ECE14001D40A2 /* menu_ico.png */ = {isa = PBXFileReference; lastKnownFileType = image.png; path = menu_ico.png; sourceTree = "<group>"; };
		F4DDC889146ECE14001D40A2 /* menu_ico_highlight.png */ = {isa = PBXFileReference; lastKnownFileType = image.png; path = menu_ico_highlight.png; sourceTree = "<group>"; };
		F4DDC88D146ECE33001D40A2 /* Preferences.xib */ = {isa = PBXFileReference; fileEncoding = 4; lastKnownFileType = file.xib; path = Preferences.xib; sourceTree = "<group>"; };
		F4DDC88F146EE38C001D40A2 /* Automator.framework */ = {isa = PBXFileReference; lastKnownFileType = wrapper.framework; name = Automator.framework; path = System/Library/Frameworks/Automator.framework; sourceTree = SDKROOT; };
/* End PBXFileReference section */

/* Begin PBXFrameworksBuildPhase section */
		F42478F8146EC47C00EC4B05 /* Frameworks */ = {
			isa = PBXFrameworksBuildPhase;
			buildActionMask = 2147483647;
			files = (
				F4DDC890146EE38C001D40A2 /* Automator.framework in Frameworks */,
				F4247900146EC47C00EC4B05 /* Cocoa.framework in Frameworks */,
			);
			runOnlyForDeploymentPostprocessing = 0;
		};
/* End PBXFrameworksBuildPhase section */

/* Begin PBXGroup section */
		F42478F0146EC47C00EC4B05 = {
			isa = PBXGroup;
			children = (
				F4247905146EC47C00EC4B05 /* Cow */,
				F42478FE146EC47C00EC4B05 /* Frameworks */,
				F42478FC146EC47C00EC4B05 /* Products */,
			);
			sourceTree = "<group>";
		};
		F42478FC146EC47C00EC4B05 /* Products */ = {
			isa = PBXGroup;
			children = (
				F42478FB146EC47C00EC4B05 /* Cow.app */,
			);
			name = Products;
			sourceTree = "<group>";
		};
		F42478FE146EC47C00EC4B05 /* Frameworks */ = {
			isa = PBXGroup;
			children = (
				F42478FF146EC47C00EC4B05 /* Cocoa.framework */,
				F4DDC88F146EE38C001D40A2 /* Automator.framework */,
				F4247901146EC47C00EC4B05 /* Other Frameworks */,
			);
			name = Frameworks;
			sourceTree = "<group>";
		};
		F4247901146EC47C00EC4B05 /* Other Frameworks */ = {
			isa = PBXGroup;
			children = (
				F4247902146EC47C00EC4B05 /* AppKit.framework */,
				F4247903146EC47C00EC4B05 /* CoreData.framework */,
				F4247904146EC47C00EC4B05 /* Foundation.framework */,
			);
			name = "Other Frameworks";
			sourceTree = "<group>";
		};
		F4247905146EC47C00EC4B05 /* Cow */ = {
			isa = PBXGroup;
			children = (
				F4DDC87E146EC823001D40A2 /* Classes */,
				F4247911146EC47C00EC4B05 /* COWAppDelegate.h */,
				F4247912146EC47C00EC4B05 /* COWAppDelegate.m */,
				F4517A8A1470395900B48AF5 /* COWConstants.h */,
				F424790D146EC47C00EC4B05 /* Cow-Prefix.pch */,
				F424790B146EC47C00EC4B05 /* main.m */,
				F4DDC875146EC707001D40A2 /* Resources */,
			);
			path = Cow;
			sourceTree = "<group>";
		};
		F4517A8B1470427400B48AF5 /* Status Menu */ = {
			isa = PBXGroup;
			children = (
				F4517A8C147042CE00B48AF5 /* COWStatusMenu.h */,
				F4517A8D147042CE00B48AF5 /* COWStatusMenu.m */,
				F4D77E6E14746AA400CEC597 /* COWImageHistoryMenuItem.h */,
				F4D77E6F14746AA400CEC597 /* COWImageHistoryMenuItem.m */,
				F4B8DD581475D5BD00A3BC17 /* COWImageSizeMenuItem.h */,
				F4B8DD591475D5BD00A3BC17 /* COWImageSizeMenuItem.m */,
			);
			name = "Status Menu";
			sourceTree = "<group>";
		};
		F4517A8F1471317D00B48AF5 /* Model */ = {
			isa = PBXGroup;
			children = (
				F4517A901471319B00B48AF5 /* COWImage.h */,
				F4517A911471319B00B48AF5 /* COWImage.m */,
				F4D77E611474096F00CEC597 /* COWImageManager.h */,
				F4D77E621474096F00CEC597 /* COWImageManager.m */,
				F4B8DD5D1477B68E00A3BC17 /* COWImageConversionParameters.h */,
				F4B8DD5E1477B68E00A3BC17 /* COWImageConversionParameters.m */,
			);
			name = Model;
			sourceTree = "<group>";
		};
		F4B8DD5C1477B57400A3BC17 /* Views */ = {
			isa = PBXGroup;
			children = (
				F4DDC87F146EC834001D40A2 /* Status Item */,
				F4517A8B1470427400B48AF5 /* Status Menu */,
			);
			name = Views;
			sourceTree = "<group>";
		};
		F4DDC875146EC707001D40A2 /* Resources */ = {
			isa = PBXGroup;
			children = (
				F4DDC876146EC772001D40A2 /* Cow-Info.plist */,
				F4DDC877146EC772001D40A2 /* Credits.rtf */,
				F4DDC878146EC772001D40A2 /* InfoPlist.strings */,
				F4517A75147009C400B48AF5 /* Localizable.strings */,
				F4DDC887146ECE14001D40A2 /* Images */,
				F4DDC88C146ECE32001D40A2 /* Xibs */,
			);
			name = Resources;
			sourceTree = "<group>";
		};
		F4DDC87E146EC823001D40A2 /* Classes */ = {
			isa = PBXGroup;
			children = (
				F4517A8F1471317D00B48AF5 /* Model */,
				F4DDC880146EC845001D40A2 /* Categories */,
				F4B8DD5C1477B57400A3BC17 /* Views */,
			);
			name = Classes;
			sourceTree = "<group>";
		};
		F4DDC87F146EC834001D40A2 /* Status Item */ = {
			isa = PBXGroup;
			children = (
				F4DDC884146EC999001D40A2 /* COWStatusItemView.h */,
				F4DDC885146EC999001D40A2 /* COWStatusItemView.m */,
			);
			name = "Status Item";
			sourceTree = "<group>";
		};
		F4DDC880146EC845001D40A2 /* Categories */ = {
			isa = PBXGroup;
			children = (
				F4DDC881146EC900001D40A2 /* NSImage+COWExtensions.h */,
				F4DDC882146EC900001D40A2 /* NSImage+COWExtensions.m */,
			);
			name = Categories;
			sourceTree = "<group>";
		};
		F4DDC887146ECE14001D40A2 /* Images */ = {
			isa = PBXGroup;
			children = (
				F4DDC888146ECE14001D40A2 /* menu_ico.png */,
				F4DDC889146ECE14001D40A2 /* menu_ico_highlight.png */,
			);
			name = Images;
			path = Resources/Images;
			sourceTree = "<group>";
		};
		F4DDC88C146ECE32001D40A2 /* Xibs */ = {
			isa = PBXGroup;
			children = (
				F4DDC88D146ECE33001D40A2 /* Preferences.xib */,
			);
			name = Xibs;
			path = Resources/Xibs;
			sourceTree = "<group>";
		};
/* End PBXGroup section */

/* Begin PBXNativeTarget section */
		F42478FA146EC47C00EC4B05 /* Cow */ = {
			isa = PBXNativeTarget;
			buildConfigurationList = F4247919146EC47D00EC4B05 /* Build configuration list for PBXNativeTarget "Cow" */;
			buildPhases = (
				F42478F7146EC47C00EC4B05 /* Sources */,
				F42478F8146EC47C00EC4B05 /* Frameworks */,
				F42478F9146EC47C00EC4B05 /* Resources */,
			);
			buildRules = (
			);
			dependencies = (
			);
			name = Cow;
			productName = Cow;
			productReference = F42478FB146EC47C00EC4B05 /* Cow.app */;
			productType = "com.apple.product-type.application";
		};
/* End PBXNativeTarget section */

/* Begin PBXProject section */
		F42478F2146EC47C00EC4B05 /* Project object */ = {
			isa = PBXProject;
			attributes = {
				LastUpgradeCheck = 0420;
			};
			buildConfigurationList = F42478F5146EC47C00EC4B05 /* Build configuration list for PBXProject "Cow" */;
			compatibilityVersion = "Xcode 3.2";
			developmentRegion = English;
			hasScannedForEncodings = 0;
			knownRegions = (
				en,
			);
			mainGroup = F42478F0146EC47C00EC4B05;
			productRefGroup = F42478FC146EC47C00EC4B05 /* Products */;
			projectDirPath = "";
			projectRoot = "";
			targets = (
				F42478FA146EC47C00EC4B05 /* Cow */,
			);
		};
/* End PBXProject section */

/* Begin PBXResourcesBuildPhase section */
		F42478F9146EC47C00EC4B05 /* Resources */ = {
			isa = PBXResourcesBuildPhase;
			buildActionMask = 2147483647;
			files = (
				F4DDC87A146EC772001D40A2 /* Credits.rtf in Resources */,
				F4DDC87B146EC772001D40A2 /* InfoPlist.strings in Resources */,
				F4DDC88A146ECE14001D40A2 /* menu_ico.png in Resources */,
				F4DDC88B146ECE14001D40A2 /* menu_ico_highlight.png in Resources */,
				F4DDC88E146ECE33001D40A2 /* Preferences.xib in Resources */,
				F4517A76147009C400B48AF5 /* Localizable.strings in Resources */,
			);
			runOnlyForDeploymentPostprocessing = 0;
		};
/* End PBXResourcesBuildPhase section */

/* Begin PBXSourcesBuildPhase section */
		F42478F7146EC47C00EC4B05 /* Sources */ = {
			isa = PBXSourcesBuildPhase;
			buildActionMask = 2147483647;
			files = (
				F424790C146EC47C00EC4B05 /* main.m in Sources */,
				F4247913146EC47C00EC4B05 /* COWAppDelegate.m in Sources */,
				F4DDC883146EC900001D40A2 /* NSImage+COWExtensions.m in Sources */,
				F4DDC886146EC999001D40A2 /* COWStatusItemView.m in Sources */,
				F4517A8E147042CE00B48AF5 /* COWStatusMenu.m in Sources */,
				F4517A921471319B00B48AF5 /* COWImage.m in Sources */,
				F4D77E631474096F00CEC597 /* COWImageManager.m in Sources */,
				F4D77E7014746AA500CEC597 /* COWImageHistoryMenuItem.m in Sources */,
				F4B8DD5A1475D5BD00A3BC17 /* COWImageSizeMenuItem.m in Sources */,
				F4B8DD5F1477B68E00A3BC17 /* COWImageConversionParameters.m in Sources */,
			);
			runOnlyForDeploymentPostprocessing = 0;
		};
/* End PBXSourcesBuildPhase section */

/* Begin XCBuildConfiguration section */
		F4247917146EC47D00EC4B05 /* Debug */ = {
			isa = XCBuildConfiguration;
			buildSettings = {
				ALWAYS_SEARCH_USER_PATHS = NO;
				ARCHS = "$(ARCHS_STANDARD_64_BIT)";
				COPY_PHASE_STRIP = NO;
				GCC_C_LANGUAGE_STANDARD = gnu99;
				GCC_DYNAMIC_NO_PIC = NO;
				GCC_ENABLE_OBJC_EXCEPTIONS = YES;
				GCC_OPTIMIZATION_LEVEL = 0;
				GCC_PREPROCESSOR_DEFINITIONS = (
					"DEBUG=1",
					"$(inherited)",
				);
				GCC_SYMBOLS_PRIVATE_EXTERN = NO;
				GCC_VERSION = com.apple.compilers.llvm.clang.1_0;
				GCC_WARN_64_TO_32_BIT_CONVERSION = YES;
				GCC_WARN_ABOUT_MISSING_PROTOTYPES = YES;
				GCC_WARN_ABOUT_RETURN_TYPE = YES;
				GCC_WARN_UNUSED_VARIABLE = YES;
				MACOSX_DEPLOYMENT_TARGET = 10.7;
				ONLY_ACTIVE_ARCH = YES;
				SDKROOT = macosx;
			};
			name = Debug;
		};
		F4247918146EC47D00EC4B05 /* Release */ = {
			isa = XCBuildConfiguration;
			buildSettings = {
				ALWAYS_SEARCH_USER_PATHS = NO;
				ARCHS = "$(ARCHS_STANDARD_64_BIT)";
				COPY_PHASE_STRIP = YES;
				DEBUG_INFORMATION_FORMAT = "dwarf-with-dsym";
				GCC_C_LANGUAGE_STANDARD = gnu99;
				GCC_ENABLE_OBJC_EXCEPTIONS = YES;
				GCC_VERSION = com.apple.compilers.llvm.clang.1_0;
				GCC_WARN_64_TO_32_BIT_CONVERSION = YES;
				GCC_WARN_ABOUT_MISSING_PROTOTYPES = YES;
				GCC_WARN_ABOUT_RETURN_TYPE = YES;
				GCC_WARN_UNUSED_VARIABLE = YES;
				MACOSX_DEPLOYMENT_TARGET = 10.7;
				SDKROOT = macosx;
			};
			name = Release;
		};
		F424791A146EC47D00EC4B05 /* Debug */ = {
			isa = XCBuildConfiguration;
			buildSettings = {
				GCC_PRECOMPILE_PREFIX_HEADER = YES;
				GCC_PREFIX_HEADER = "Cow/Cow-Prefix.pch";
				INFOPLIST_FILE = "Cow/Resources/Cow-Info.plist";
				PRODUCT_NAME = "$(TARGET_NAME)";
				WRAPPER_EXTENSION = app;
			};
			name = Debug;
		};
		F424791B146EC47D00EC4B05 /* Release */ = {
			isa = XCBuildConfiguration;
			buildSettings = {
				GCC_PRECOMPILE_PREFIX_HEADER = YES;
				GCC_PREFIX_HEADER = "Cow/Cow-Prefix.pch";
				INFOPLIST_FILE = "Cow/Resources/Cow-Info.plist";
				PRODUCT_NAME = "$(TARGET_NAME)";
				WRAPPER_EXTENSION = app;
			};
			name = Release;
		};
/* End XCBuildConfiguration section */

/* Begin XCConfigurationList section */
		F42478F5146EC47C00EC4B05 /* Build configuration list for PBXProject "Cow" */ = {
			isa = XCConfigurationList;
			buildConfigurations = (
				F4247917146EC47D00EC4B05 /* Debug */,
				F4247918146EC47D00EC4B05 /* Release */,
			);
			defaultConfigurationIsVisible = 0;
			defaultConfigurationName = Release;
		};
		F4247919146EC47D00EC4B05 /* Build configuration list for PBXNativeTarget "Cow" */ = {
			isa = XCConfigurationList;
			buildConfigurations = (
				F424791A146EC47D00EC4B05 /* Debug */,
				F424791B146EC47D00EC4B05 /* Release */,
			);
			defaultConfigurationIsVisible = 0;
			defaultConfigurationName = Release;
		};
/* End XCConfigurationList section */
	};
	rootObject = F42478F2146EC47C00EC4B05 /* Project object */;
}
